# This file is automatically @generated by tinymist.
# It is not intended for manual editing.
version = "0.1.0-beta0"

[[document]]
id = "file:report.typ"
inputs = []
main = "file:report.typ"
root = "file:."
system-fonts = true

[[document]]
id = "file:slides.typ"
inputs = []
main = "file:slides.typ"
root = "file:."
system-fonts = true

[[document]]
id = "file:thesis.typ"
inputs = []
main = "file:thesis.typ"
root = "file:."
system-fonts = true

[[route]]
id = "file:report.typ"
priority = 256

[[route]]
id = "file:thesis.typ"
priority = 256

[[route]]
id = "file:slides.typ"
priority = 256
